// !$*UTF8*$!
{
	archiveVersion = 1;
	classes = {
	};
	objectVersion = 77;
	objects = {

/* Begin PBXContainerItemProxy section */
		88E0A99F2C9DBB1F00BFCBE7 /* PBXContainerItemProxy */ = {
			isa = PBXContainerItemProxy;
			containerPortal = 88E0A9862C9DBB1D00BFCBE7 /* Project object */;
			proxyType = 1;
			remoteGlobalIDString = 88E0A98D2C9DBB1D00BFCBE7;
			remoteInfo = PopulationDataApp;
		};
		88E0A9A92C9DBB1F00BFCBE7 /* PBXContainerItemProxy */ = {
			isa = PBXContainerItemProxy;
			containerPortal = 88E0A9862C9DBB1D00BFCBE7 /* Project object */;
			proxyType = 1;
			remoteGlobalIDString = 88E0A98D2C9DBB1D00BFCBE7;
			remoteInfo = PopulationDataApp;
		};
/* End PBXContainerItemProxy section */

/* Begin PBXFileReference section */
		88E0A98E2C9DBB1D00BFCBE7 /* PopulationDataApp.app */ = {isa = PBXFileReference; explicitFileType = wrapper.application; includeInIndex = 0; path = PopulationDataApp.app; sourceTree = BUILT_PRODUCTS_DIR; };
		88E0A99E2C9DBB1F00BFCBE7 /* PopulationDataAppTests.xctest */ = {isa = PBXFileReference; explicitFileType = wrapper.cfbundle; includeInIndex = 0; path = PopulationDataAppTests.xctest; sourceTree = BUILT_PRODUCTS_DIR; };
		88E0A9A82C9DBB1F00BFCBE7 /* PopulationDataAppUITests.xctest */ = {isa = PBXFileReference; explicitFileType = wrapper.cfbundle; includeInIndex = 0; path = PopulationDataAppUITests.xctest; sourceTree = BUILT_PRODUCTS_DIR; };
/* End PBXFileReference section */

/* Begin PBXFileSystemSynchronizedRootGroup section */
		88E0A9902C9DBB1D00BFCBE7 /* PopulationDataApp */ = {
			isa = PBXFileSystemSynchronizedRootGroup;
			path = PopulationDataApp;
			sourceTree = "<group>";
		};
		88E0A9A12C9DBB1F00BFCBE7 /* PopulationDataAppTests */ = {
			isa = PBXFileSystemSynchronizedRootGroup;
			path = PopulationDataAppTests;
			sourceTree = "<group>";
		};
		88E0A9AB2C9DBB1F00BFCBE7 /* PopulationDataAppUITests */ = {
			isa = PBXFileSystemSynchronizedRootGroup;
			path = PopulationDataAppUITests;
			sourceTree = "<group>";
		};
/* End PBXFileSystemSynchronizedRootGroup section */

/* Begin PBXFrameworksBuildPhase section */
		88E0A98B2C9DBB1D00BFCBE7 /* Frameworks */ = {
			isa = PBXFrameworksBuildPhase;
			buildActionMask = 2147483647;
			files = (
			);
			runOnlyForDeploymentPostprocessing = 0;
		};
		88E0A99B2C9DBB1F00BFCBE7 /* Frameworks */ = {
			isa = PBXFrameworksBuildPhase;
			buildActionMask = 2147483647;
			files = (
			);
			runOnlyForDeploymentPostprocessing = 0;
		};
		88E0A9A52C9DBB1F00BFCBE7 /* Frameworks */ = {
			isa = PBXFrameworksBuildPhase;
			buildActionMask = 2147483647;
			files = (
			);
			runOnlyForDeploymentPostprocessing = 0;
		};
/* End PBXFrameworksBuildPhase section */

/* Begin PBXGroup section */
		88E0A9852C9DBB1D00BFCBE7 = {
			isa = PBXGroup;
			children = (
				88E0A9902C9DBB1D00BFCBE7 /* PopulationDataApp */,
				88E0A9A12C9DBB1F00BFCBE7 /* PopulationDataAppTests */,
				88E0A9AB2C9DBB1F00BFCBE7 /* PopulationDataAppUITests */,
				88E0A98F2C9DBB1D00BFCBE7 /* Products */,
			);
			sourceTree = "<group>";
		};
		88E0A98F2C9DBB1D00BFCBE7 /* Products */ = {
			isa = PBXGroup;
			children = (
				88E0A98E2C9DBB1D00BFCBE7 /* PopulationDataApp.app */,
				88E0A99E2C9DBB1F00BFCBE7 /* PopulationDataAppTests.xctest */,
				88E0A9A82C9DBB1F00BFCBE7 /* PopulationDataAppUITests.xctest */,
			);
			name = Products;
			sourceTree = "<group>";
		};
/* End PBXGroup section */

/* Begin PBXNativeTarget section */
		88E0A98D2C9DBB1D00BFCBE7 /* PopulationDataApp */ = {
			isa = PBXNativeTarget;
			buildConfigurationList = 88E0A9B22C9DBB1F00BFCBE7 /* Build configuration list for PBXNativeTarget "PopulationDataApp" */;
			buildPhases = (
				88E0A98A2C9DBB1D00BFCBE7 /* Sources */,
				88E0A98B2C9DBB1D00BFCBE7 /* Frameworks */,
				88E0A98C2C9DBB1D00BFCBE7 /* Resources */,
			);
			buildRules = (
			);
			dependencies = (
			);
			fileSystemSynchronizedGroups = (
				88E0A9902C9DBB1D00BFCBE7 /* PopulationDataApp */,
			);
			name = PopulationDataApp;
			packageProductDependencies = (
			);
			productName = PopulationDataApp;
			productReference = 88E0A98E2C9DBB1D00BFCBE7 /* PopulationDataApp.app */;
			productType = "com.apple.product-type.application";
		};
		88E0A99D2C9DBB1F00BFCBE7 /* PopulationDataAppTests */ = {
			isa = PBXNativeTarget;
			buildConfigurationList = 88E0A9B52C9DBB1F00BFCBE7 /* Build configuration list for PBXNativeTarget "PopulationDataAppTests" */;
			buildPhases = (
				88E0A99A2C9DBB1F00BFCBE7 /* Sources */,
				88E0A99B2C9DBB1F00BFCBE7 /* Frameworks */,
				88E0A99C2C9DBB1F00BFCBE7 /* Resources */,
			);
			buildRules = (
			);
			dependencies = (
				88E0A9A02C9DBB1F00BFCBE7 /* PBXTargetDependency */,
			);
			fileSystemSynchronizedGroups = (
				88E0A9A12C9DBB1F00BFCBE7 /* PopulationDataAppTests */,
			);
			name = PopulationDataAppTests;
			packageProductDependencies = (
			);
			productName = PopulationDataAppTests;
			productReference = 88E0A99E2C9DBB1F00BFCBE7 /* PopulationDataAppTests.xctest */;
			productType = "com.apple.product-type.bundle.unit-test";
		};
		88E0A9A72C9DBB1F00BFCBE7 /* PopulationDataAppUITests */ = {
			isa = PBXNativeTarget;
			buildConfigurationList = 88E0A9B82C9DBB1F00BFCBE7 /* Build configuration list for PBXNativeTarget "PopulationDataAppUITests" */;
			buildPhases = (
				88E0A9A42C9DBB1F00BFCBE7 /* Sources */,
				88E0A9A52C9DBB1F00BFCBE7 /* Frameworks */,
				88E0A9A62C9DBB1F00BFCBE7 /* Resources */,
			);
			buildRules = (
			);
			dependencies = (
				88E0A9AA2C9DBB1F00BFCBE7 /* PBXTargetDependency */,
			);
			fileSystemSynchronizedGroups = (
				88E0A9AB2C9DBB1F00BFCBE7 /* PopulationDataAppUITests */,
			);
			name = PopulationDataAppUITests;
			packageProductDependencies = (
			);
			productName = PopulationDataAppUITests;
			productReference = 88E0A9A82C9DBB1F00BFCBE7 /* PopulationDataAppUITests.xctest */;
			productType = "com.apple.product-type.bundle.ui-testing";
		};
/* End PBXNativeTarget section */

/* Begin PBXProject section */
		88E0A9862C9DBB1D00BFCBE7 /* Project object */ = {
			isa = PBXProject;
			attributes = {
				BuildIndependentTargetsInParallel = 1;
				LastSwiftUpdateCheck = 1600;
				LastUpgradeCheck = 1600;
				TargetAttributes = {
					88E0A98D2C9DBB1D00BFCBE7 = {
						CreatedOnToolsVersion = 16.0;
					};
					88E0A99D2C9DBB1F00BFCBE7 = {
						CreatedOnToolsVersion = 16.0;
						TestTargetID = 88E0A98D2C9DBB1D00BFCBE7;
					};
					88E0A9A72C9DBB1F00BFCBE7 = {
						CreatedOnToolsVersion = 16.0;
						TestTargetID = 88E0A98D2C9DBB1D00BFCBE7;
					};
				};
			};
			buildConfigurationList = 88E0A9892C9DBB1D00BFCBE7 /* Build configuration list for PBXProject "PopulationDataApp" */;
			developmentRegion = en;
			hasScannedForEncodings = 0;
			knownRegions = (
				en,
				Base,
			);
			mainGroup = 88E0A9852C9DBB1D00BFCBE7;
			minimizedProjectReferenceProxies = 1;
			preferredProjectObjectVersion = 77;
			productRefGroup = 88E0A98F2C9DBB1D00BFCBE7 /* Products */;
			projectDirPath = "";
			projectRoot = "";
			targets = (
				88E0A98D2C9DBB1D00BFCBE7 /* PopulationDataApp */,
				88E0A99D2C9DBB1F00BFCBE7 /* PopulationDataAppTests */,
				88E0A9A72C9DBB1F00BFCBE7 /* PopulationDataAppUITests */,
			);
		};
/* End PBXProject section */

/* Begin PBXResourcesBuildPhase section */
		88E0A98C2C9DBB1D00BFCBE7 /* Resources */ = {
			isa = PBXResourcesBuildPhase;
			buildActionMask = 2147483647;
			files = (
			);
			runOnlyForDeploymentPostprocessing = 0;
		};
		88E0A99C2C9DBB1F00BFCBE7 /* Resources */ = {
			isa = PBXResourcesBuildPhase;
			buildActionMask = 2147483647;
			files = (
			);
			runOnlyForDeploymentPostprocessing = 0;
		};
		88E0A9A62C9DBB1F00BFCBE7 /* Resources */ = {
			isa = PBXResourcesBuildPhase;
			buildActionMask = 2147483647;
			files = (
			);
			runOnlyForDeploymentPostprocessing = 0;
		};
/* End PBXResourcesBuildPhase section */

/* Begin PBXSourcesBuildPhase section */
		88E0A98A2C9DBB1D00BFCBE7 /* Sources */ = {
			isa = PBXSourcesBuildPhase;
			buildActionMask = 2147483647;
			files = (
			);
			runOnlyForDeploymentPostprocessing = 0;
		};
		88E0A99A2C9DBB1F00BFCBE7 /* Sources */ = {
			isa = PBXSourcesBuildPhase;
			buildActionMask = 2147483647;
			files = (
			);
			runOnlyForDeploymentPostprocessing = 0;
		};
		88E0A9A42C9DBB1F00BFCBE7 /* Sources */ = {
			isa = PBXSourcesBuildPhase;
			buildActionMask = 2147483647;
			files = (
			);
			runOnlyForDeploymentPostprocessing = 0;
		};
/* End PBXSourcesBuildPhase section */

/* Begin PBXTargetDependency section */
		88E0A9A02C9DBB1F00BFCBE7 /* PBXTargetDependency */ = {
			isa = PBXTargetDependency;
			target = 88E0A98D2C9DBB1D00BFCBE7 /* PopulationDataApp */;
			targetProxy = 88E0A99F2C9DBB1F00BFCBE7 /* PBXContainerItemProxy */;
		};
		88E0A9AA2C9DBB1F00BFCBE7 /* PBXTargetDependency */ = {
			isa = PBXTargetDependency;
			target = 88E0A98D2C9DBB1D00BFCBE7 /* PopulationDataApp */;
			targetProxy = 88E0A9A92C9DBB1F00BFCBE7 /* PBXContainerItemProxy */;
		};
/* End PBXTargetDependency section */

/* Begin XCBuildConfiguration section */
		88E0A9B02C9DBB1F00BFCBE7 /* Debug */ = {
			isa = XCBuildConfiguration;
			buildSettings = {
				ALWAYS_SEARCH_USER_PATHS = NO;
				ASSETCATALOG_COMPILER_GENERATE_SWIFT_ASSET_SYMBOL_EXTENSIONS = YES;
				CLANG_ANALYZER_NONNULL = YES;
				CLANG_ANALYZER_NUMBER_OBJECT_CONVERSION = YES_AGGRESSIVE;
				CLANG_CXX_LANGUAGE_STANDARD = "gnu++20";
				CLANG_ENABLE_MODULES = YES;
				CLANG_ENABLE_OBJC_ARC = YES;
				CLANG_ENABLE_OBJC_WEAK = YES;
				CLANG_WARN_BLOCK_CAPTURE_AUTORELEASING = YES;
				CLANG_WARN_BOOL_CONVERSION = YES;
				CLANG_WARN_COMMA = YES;
				CLANG_WARN_CONSTANT_CONVERSION = YES;
				CLANG_WARN_DEPRECATED_OBJC_IMPLEMENTATIONS = YES;
				CLANG_WARN_DIRECT_OBJC_ISA_USAGE = YES_ERROR;
				CLANG_WARN_DOCUMENTATION_COMMENTS = YES;
				CLANG_WARN_EMPTY_BODY = YES;
				CLANG_WARN_ENUM_CONVERSION = YES;
				CLANG_WARN_INFINITE_RECURSION = YES;
				CLANG_WARN_INT_CONVERSION = YES;
				CLANG_WARN_NON_LITERAL_NULL_CONVERSION = YES;
				CLANG_WARN_OBJC_IMPLICIT_RETAIN_SELF = YES;
				CLANG_WARN_OBJC_LITERAL_CONVERSION = YES;
				CLANG_WARN_OBJC_ROOT_CLASS = YES_ERROR;
				CLANG_WARN_QUOTED_INCLUDE_IN_FRAMEWORK_HEADER = YES;
				CLANG_WARN_RANGE_LOOP_ANALYSIS = YES;
				CLANG_WARN_STRICT_PROTOTYPES = YES;
				CLANG_WARN_SUSPICIOUS_MOVE = YES;
				CLANG_WARN_UNGUARDED_AVAILABILITY = YES_AGGRESSIVE;
				CLANG_WARN_UNREACHABLE_CODE = YES;
				CLANG_WARN__DUPLICATE_METHOD_MATCH = YES;
				COPY_PHASE_STRIP = NO;
				DEBUG_INFORMATION_FORMAT = dwarf;
				ENABLE_STRICT_OBJC_MSGSEND = YES;
				ENABLE_TESTABILITY = YES;
				ENABLE_USER_SCRIPT_SANDBOXING = YES;
				GCC_C_LANGUAGE_STANDARD = gnu17;
				GCC_DYNAMIC_NO_PIC = NO;
				GCC_NO_COMMON_BLOCKS = YES;
				GCC_OPTIMIZATION_LEVEL = 0;
				GCC_PREPROCESSOR_DEFINITIONS = (
					"DEBUG=1",
					"$(inherited)",
				);
				GCC_WARN_64_TO_32_BIT_CONVERSION = YES;
				GCC_WARN_ABOUT_RETURN_TYPE = YES_ERROR;
				GCC_WARN_UNDECLARED_SELECTOR = YES;
				GCC_WARN_UNINITIALIZED_AUTOS = YES_AGGRESSIVE;
				GCC_WARN_UNUSED_FUNCTION = YES;
				GCC_WARN_UNUSED_VARIABLE = YES;
				IPHONEOS_DEPLOYMENT_TARGET = 18.0;
				LOCALIZATION_PREFERS_STRING_CATALOGS = YES;
				MTL_ENABLE_DEBUG_INFO = INCLUDE_SOURCE;
				MTL_FAST_MATH = YES;
				ONLY_ACTIVE_ARCH = YES;
				SDKROOT = iphoneos;
				SWIFT_ACTIVE_COMPILATION_CONDITIONS = "DEBUG $(inherited)";
				SWIFT_OPTIMIZATION_LEVEL = "-Onone";
			};
			name = Debug;
		};
		88E0A9B12C9DBB1F00BFCBE7 /* Release */ = {
			isa = XCBuildConfiguration;
			buildSettings = {
				ALWAYS_SEARCH_USER_PATHS = NO;
				ASSETCATALOG_COMPILER_GENERATE_SWIFT_ASSET_SYMBOL_EXTENSIONS = YES;
				CLANG_ANALYZER_NONNULL = YES;
				CLANG_ANALYZER_NUMBER_OBJECT_CONVERSION = YES_AGGRESSIVE;
				CLANG_CXX_LANGUAGE_STANDARD = "gnu++20";
				CLANG_ENABLE_MODULES = YES;
				CLANG_ENABLE_OBJC_ARC = YES;
				CLANG_ENABLE_OBJC_WEAK = YES;
				CLANG_WARN_BLOCK_CAPTURE_AUTORELEASING = YES;
				CLANG_WARN_BOOL_CONVERSION = YES;
				CLANG_WARN_COMMA = YES;
				CLANG_WARN_CONSTANT_CONVERSION = YES;
				CLANG_WARN_DEPRECATED_OBJC_IMPLEMENTATIONS = YES;
				CLANG_WARN_DIRECT_OBJC_ISA_USAGE = YES_ERROR;
				CLANG_WARN_DOCUMENTATION_COMMENTS = YES;
				CLANG_WARN_EMPTY_BODY = YES;
				CLANG_WARN_ENUM_CONVERSION = YES;
				CLANG_WARN_INFINITE_RECURSION = YES;
				CLANG_WARN_INT_CONVERSION = YES;
				CLANG_WARN_NON_LITERAL_NULL_CONVERSION = YES;
				CLANG_WARN_OBJC_IMPLICIT_RETAIN_SELF = YES;
				CLANG_WARN_OBJC_LITERAL_CONVERSION = YES;
				CLANG_WARN_OBJC_ROOT_CLASS = YES_ERROR;
				CLANG_WARN_QUOTED_INCLUDE_IN_FRAMEWORK_HEADER = YES;
				CLANG_WARN_RANGE_LOOP_ANALYSIS = YES;
				CLANG_WARN_STRICT_PROTOTYPES = YES;
				CLANG_WARN_SUSPICIOUS_MOVE = YES;
				CLANG_WARN_UNGUARDED_AVAILABILITY = YES_AGGRESSIVE;
				CLANG_WARN_UNREACHABLE_CODE = YES;
				CLANG_WARN__DUPLICATE_METHOD_MATCH = YES;
				COPY_PHASE_STRIP = NO;
				DEBUG_INFORMATION_FORMAT = "dwarf-with-dsym";
				ENABLE_NS_ASSERTIONS = NO;
				ENABLE_STRICT_OBJC_MSGSEND = YES;
				ENABLE_USER_SCRIPT_SANDBOXING = YES;
				GCC_C_LANGUAGE_STANDARD = gnu17;
				GCC_NO_COMMON_BLOCKS = YES;
				GCC_WARN_64_TO_32_BIT_CONVERSION = YES;
				GCC_WARN_ABOUT_RETURN_TYPE = YES_ERROR;
				GCC_WARN_UNDECLARED_SELECTOR = YES;
				GCC_WARN_UNINITIALIZED_AUTOS = YES_AGGRESSIVE;
				GCC_WARN_UNUSED_FUNCTION = YES;
				GCC_WARN_UNUSED_VARIABLE = YES;
				IPHONEOS_DEPLOYMENT_TARGET = 18.0;
				LOCALIZATION_PREFERS_STRING_CATALOGS = YES;
				MTL_ENABLE_DEBUG_INFO = NO;
				MTL_FAST_MATH = YES;
				SDKROOT = iphoneos;
				SWIFT_COMPILATION_MODE = wholemodule;
				VALIDATE_PRODUCT = YES;
			};
			name = Release;
		};
		88E0A9B32C9DBB1F00BFCBE7 /* Debug */ = {
			isa = XCBuildConfiguration;
			buildSettings = {
				ASSETCATALOG_COMPILER_APPICON_NAME = AppIcon;
				ASSETCATALOG_COMPILER_GLOBAL_ACCENT_COLOR_NAME = AccentColor;
				CODE_SIGN_STYLE = Automatic;
				CURRENT_PROJECT_VERSION = 1;
				DEVELOPMENT_ASSET_PATHS = "\"PopulationDataApp/Preview Content\"";
				DEVELOPMENT_TEAM = 8JSPBLZJX6;
				ENABLE_PREVIEWS = YES;
				GENERATE_INFOPLIST_FILE = YES;
				INFOPLIST_KEY_UIApplicationSceneManifest_Generation = YES;
				INFOPLIST_KEY_UIApplicationSupportsIndirectInputEvents = YES;
				INFOPLIST_KEY_UILaunchScreen_Generation = YES;
				INFOPLIST_KEY_UISupportedInterfaceOrientations_iPad = "UIInterfaceOrientationPortrait UIInterfaceOrientationPortraitUpsideDown UIInterfaceOrientationLandscapeLeft UIInterfaceOrientationLandscapeRight";
				INFOPLIST_KEY_UISupportedInterfaceOrientations_iPhone = "UIInterfaceOrientationPortrait UIInterfaceOrientationLandscapeLeft UIInterfaceOrientationLandscapeRight";
				LD_RUNPATH_SEARCH_PATHS = (
					"$(inherited)",
					"@executable_path/Frameworks",
				);
				MARKETING_VERSION = 1.0;
				PRODUCT_BUNDLE_IDENTIFIER = populationData.rafaelsantos.PopulationDataApp;
				PRODUCT_NAME = "$(TARGET_NAME)";
				SWIFT_EMIT_LOC_STRINGS = YES;
				SWIFT_VERSION = 5.0;
				TARGETED_DEVICE_FAMILY = "1,2";
			};
			name = Debug;
		};
		88E0A9B42C9DBB1F00BFCBE7 /* Release */ = {
			isa = XCBuildConfiguration;
			buildSettings = {
				ASSETCATALOG_COMPILER_APPICON_NAME = AppIcon;
				ASSETCATALOG_COMPILER_GLOBAL_ACCENT_COLOR_NAME = AccentColor;
				CODE_SIGN_STYLE = Automatic;
				CURRENT_PROJECT_VERSION = 1;
				DEVELOPMENT_ASSET_PATHS = "\"PopulationDataApp/Preview Content\"";
				DEVELOPMENT_TEAM = 8JSPBLZJX6;
				ENABLE_PREVIEWS = YES;
				GENERATE_INFOPLIST_FILE = YES;
				INFOPLIST_KEY_UIApplicationSceneManifest_Generation = YES;
				INFOPLIST_KEY_UIApplicationSupportsIndirectInputEvents = YES;
				INFOPLIST_KEY_UILaunchScreen_Generation = YES;
				INFOPLIST_KEY_UISupportedInterfaceOrientations_iPad = "UIInterfaceOrientationPortrait UIInterfaceOrientationPortraitUpsideDown UIInterfaceOrientationLandscapeLeft UIInterfaceOrientationLandscapeRight";
				INFOPLIST_KEY_UISupportedInterfaceOrientations_iPhone = "UIInterfaceOrientationPortrait UIInterfaceOrientationLandscapeLeft UIInterfaceOrientationLandscapeRight";
				LD_RUNPATH_SEARCH_PATHS = (
					"$(inherited)",
					"@executable_path/Frameworks",
				);
				MARKETING_VERSION = 1.0;
				PRODUCT_BUNDLE_IDENTIFIER = populationData.rafaelsantos.PopulationDataApp;
				PRODUCT_NAME = "$(TARGET_NAME)";
				SWIFT_EMIT_LOC_STRINGS = YES;
				SWIFT_VERSION = 5.0;
				TARGETED_DEVICE_FAMILY = "1,2";
			};
			name = Release;
		};
		88E0A9B62C9DBB1F00BFCBE7 /* Debug */ = {
			isa = XCBuildConfiguration;
			buildSettings = {
				BUNDLE_LOADER = "$(TEST_HOST)";
				CODE_SIGN_STYLE = Automatic;
				CURRENT_PROJECT_VERSION = 1;
				DEVELOPMENT_TEAM = 8JSPBLZJX6;
				GENERATE_INFOPLIST_FILE = YES;
				IPHONEOS_DEPLOYMENT_TARGET = 18.0;
				MARKETING_VERSION = 1.0;
				PRODUCT_BUNDLE_IDENTIFIER = populationData.rafaelsantos.PopulationDataAppTests;
				PRODUCT_NAME = "$(TARGET_NAME)";
				SWIFT_EMIT_LOC_STRINGS = NO;
				SWIFT_VERSION = 5.0;
				TARGETED_DEVICE_FAMILY = "1,2";
				TEST_HOST = "$(BUILT_PRODUCTS_DIR)/PopulationDataApp.app/$(BUNDLE_EXECUTABLE_FOLDER_PATH)/PopulationDataApp";
			};
			name = Debug;
		};
		88E0A9B72C9DBB1F00BFCBE7 /* Release */ = {
			isa = XCBuildConfiguration;
			buildSettings = {
				BUNDLE_LOADER = "$(TEST_HOST)";
				CODE_SIGN_STYLE = Automatic;
				CURRENT_PROJECT_VERSION = 1;
				DEVELOPMENT_TEAM = 8JSPBLZJX6;
				GENERATE_INFOPLIST_FILE = YES;
				IPHONEOS_DEPLOYMENT_TARGET = 18.0;
				MARKETING_VERSION = 1.0;
				PRODUCT_BUNDLE_IDENTIFIER = populationData.rafaelsantos.PopulationDataAppTests;
				PRODUCT_NAME = "$(TARGET_NAME)";
				SWIFT_EMIT_LOC_STRINGS = NO;
				SWIFT_VERSION = 5.0;
				TARGETED_DEVICE_FAMILY = "1,2";
				TEST_HOST = "$(BUILT_PRODUCTS_DIR)/PopulationDataApp.app/$(BUNDLE_EXECUTABLE_FOLDER_PATH)/PopulationDataApp";
			};
			name = Release;
		};
		88E0A9B92C9DBB1F00BFCBE7 /* Debug */ = {
			isa = XCBuildConfiguration;
			buildSettings = {
				CODE_SIGN_STYLE = Automatic;
				CURRENT_PROJECT_VERSION = 1;
				DEVELOPMENT_TEAM = 8JSPBLZJX6;
				GENERATE_INFOPLIST_FILE = YES;
				MARKETING_VERSION = 1.0;
				PRODUCT_BUNDLE_IDENTIFIER = populationData.rafaelsantos.PopulationDataAppUITests;
				PRODUCT_NAME = "$(TARGET_NAME)";
				SWIFT_EMIT_LOC_STRINGS = NO;
				SWIFT_VERSION = 5.0;
				TARGETED_DEVICE_FAMILY = "1,2";
				TEST_TARGET_NAME = PopulationDataApp;
			};
			name = Debug;
		};
		88E0A9BA2C9DBB1F00BFCBE7 /* Release */ = {
			isa = XCBuildConfiguration;
			buildSettings = {
				CODE_SIGN_STYLE = Automatic;
				CURRENT_PROJECT_VERSION = 1;
				DEVELOPMENT_TEAM = 8JSPBLZJX6;
				GENERATE_INFOPLIST_FILE = YES;
				MARKETING_VERSION = 1.0;
				PRODUCT_BUNDLE_IDENTIFIER = populationData.rafaelsantos.PopulationDataAppUITests;
				PRODUCT_NAME = "$(TARGET_NAME)";
				SWIFT_EMIT_LOC_STRINGS = NO;
				SWIFT_VERSION = 5.0;
				TARGETED_DEVICE_FAMILY = "1,2";
				TEST_TARGET_NAME = PopulationDataApp;
			};
			name = Release;
		};
/* End XCBuildConfiguration section */

/* Begin XCConfigurationList section */
		88E0A9892C9DBB1D00BFCBE7 /* Build configuration list for PBXProject "PopulationDataApp" */ = {
			isa = XCConfigurationList;
			buildConfigurations = (
				88E0A9B02C9DBB1F00BFCBE7 /* Debug */,
				88E0A9B12C9DBB1F00BFCBE7 /* Release */,
			);
			defaultConfigurationIsVisible = 0;
			defaultConfigurationName = Release;
		};
		88E0A9B22C9DBB1F00BFCBE7 /* Build configuration list for PBXNativeTarget "PopulationDataApp" */ = {
			isa = XCConfigurationList;
			buildConfigurations = (
				88E0A9B32C9DBB1F00BFCBE7 /* Debug */,
				88E0A9B42C9DBB1F00BFCBE7 /* Release */,
			);
			defaultConfigurationIsVisible = 0;
			defaultConfigurationName = Release;
		};
		88E0A9B52C9DBB1F00BFCBE7 /* Build configuration list for PBXNativeTarget "PopulationDataAppTests" */ = {
			isa = XCConfigurationList;
			buildConfigurations = (
				88E0A9B62C9DBB1F00BFCBE7 /* Debug */,
				88E0A9B72C9DBB1F00BFCBE7 /* Release */,
			);
			defaultConfigurationIsVisible = 0;
			defaultConfigurationName = Release;
		};
		88E0A9B82C9DBB1F00BFCBE7 /* Build configuration list for PBXNativeTarget "PopulationDataAppUITests" */ = {
			isa = XCConfigurationList;
			buildConfigurations = (
				88E0A9B92C9DBB1F00BFCBE7 /* Debug */,
				88E0A9BA2C9DBB1F00BFCBE7 /* Release */,
			);
			defaultConfigurationIsVisible = 0;
			defaultConfigurationName = Release;
		};
/* End XCConfigurationList section */
	};
	rootObject = 88E0A9862C9DBB1D00BFCBE7 /* Project object */;
}
